{
  "object": {
    "pins": [
      {
        "package": "Matchable",
        "repositoryURL": "https://github.com/elegantchaos/Matchable.git",
        "state": {
          "branch": null,
          "revision": "d53e807009960aafbd54f6229c2542f906628b38",
          "version": "1.0.7"
        }
      },
      {
        "package": "Runner",
        "repositoryURL": "https://github.com/elegantchaos/Runner.git",
        "state": {
          "branch": null,
          "revision": "65420eb4e534a58c8fb1bf18e344bc86edb42c65",
          "version": "1.3.2"
        }
      },
      {
        "package": "XCTestExtensions",
        "repositoryURL": "https://github.com/elegantchaos/XCTestExtensions.git",
        "state": {
          "branch": null,
          "revision": "39694671be8bea1ab0bbd87114705b2a92567a8e",
          "version": "1.5.0"
        }
      },
      {
        "package": "XPkgPackage",
        "repositoryURL": "https://github.com/elegantchaos/XPkgPackage",
        "state": {
          "branch": null,
          "revision": "de01ca7b02865a280688018c3928ca4cf6a89f53",
          "version": "1.2.0"
        }
      }
    ]
  },
  "version": 1
}
